
Microsoft Visual Studio Solution File, Format Version 12.00
# Visual Studio 15
VisualStudioVersion = 15.0.26228.4
MinimumVisualStudioVersion = 10.0.40219.1
Project("{2150E333-8FDC-42A3-9474-1A3956D46DE8}") = "src", "src", "{900B7B61-41A1-4393-BD71-50DBCF252292}"
EndProject
Project("{2150E333-8FDC-42A3-9474-1A3956D46DE8}") = "Solution Items", "Solution Items", "{A5140CA1-DEC9-4CA9-8DC4-9FAA53A3EBBA}"
	ProjectSection(SolutionItems) = preProject
		README.md = README.md
	EndProjectSection
EndProject
Project("{FAE04EC0-301F-11D3-BF4B-00C04F79EFBC}") = "Oocx.ACME.CLRConsole", "src\Oocx.ACME.CLRConsole\Oocx.ACME.CLRConsole.csproj", "{772D1046-FB4C-4FDA-8586-185D353B418B}"
EndProject
Project("{FAE04EC0-301F-11D3-BF4B-00C04F79EFBC}") = "Oocx.ACME", "src\Oocx.ACME\Oocx.ACME.csproj", "{AE526AAF-CECB-4244-A202-1CE255DFCEF1}"
EndProject
Project("{FAE04EC0-301F-11D3-BF4B-00C04F79EFBC}") = "Oocx.ACME.Common", "src\Oocx.ACME.Common\Oocx.ACME.Common.csproj", "{624AAC5A-A6AC-458C-9EFF-58D17BCAA456}"
EndProject
Project("{FAE04EC0-301F-11D3-BF4B-00C04F79EFBC}") = "Oocx.Asn1PKCS", "src\Oocx.Asn1PKCS\Oocx.Asn1PKCS.csproj", "{8A2689EC-96FD-4A7D-A910-61081174A594}"
EndProject
Project("{FAE04EC0-301F-11D3-BF4B-00C04F79EFBC}") = "Oocx.ACME.Console", "src\Oocx.ACME.Console\Oocx.ACME.Console.csproj", "{CEBF984C-5D04-4B9F-9037-FAD73A8DB0E1}"
EndProject
Project("{FAE04EC0-301F-11D3-BF4B-00C04F79EFBC}") = "Oocx.ACME.IIS", "src\Oocx.ACME.IIS\Oocx.ACME.IIS.csproj", "{471D797F-4454-4A39-824E-35F448C00522}"
EndProject
Project("{FAE04EC0-301F-11D3-BF4B-00C04F79EFBC}") = "Oocx.ACME.Xsp", "src\Oocx.ACME.Xsp\Oocx.ACME.Xsp.csproj", "{0545BC88-A210-485D-94EC-38A29796D037}"
EndProject
Global
	GlobalSection(SolutionConfigurationPlatforms) = preSolution
		Debug|Any CPU = Debug|Any CPU
		Release|Any CPU = Release|Any CPU
	EndGlobalSection
	GlobalSection(ProjectConfigurationPlatforms) = postSolution
		{772D1046-FB4C-4FDA-8586-185D353B418B}.Debug|Any CPU.ActiveCfg = Debug|Any CPU
		{772D1046-FB4C-4FDA-8586-185D353B418B}.Debug|Any CPU.Build.0 = Debug|Any CPU
		{772D1046-FB4C-4FDA-8586-185D353B418B}.Release|Any CPU.ActiveCfg = Release|Any CPU
		{772D1046-FB4C-4FDA-8586-185D353B418B}.Release|Any CPU.Build.0 = Release|Any CPU
		{AE526AAF-CECB-4244-A202-1CE255DFCEF1}.Debug|Any CPU.ActiveCfg = Debug|Any CPU
		{AE526AAF-CECB-4244-A202-1CE255DFCEF1}.Debug|Any CPU.Build.0 = Debug|Any CPU
		{AE526AAF-CECB-4244-A202-1CE255DFCEF1}.Release|Any CPU.ActiveCfg = Release|Any CPU
		{AE526AAF-CECB-4244-A202-1CE255DFCEF1}.Release|Any CPU.Build.0 = Release|Any CPU
		{624AAC5A-A6AC-458C-9EFF-58D17BCAA456}.Debug|Any CPU.ActiveCfg = Debug|Any CPU
		{624AAC5A-A6AC-458C-9EFF-58D17BCAA456}.Debug|Any CPU.Build.0 = Debug|Any CPU
		{624AAC5A-A6AC-458C-9EFF-58D17BCAA456}.Release|Any CPU.ActiveCfg = Release|Any CPU
		{624AAC5A-A6AC-458C-9EFF-58D17BCAA456}.Release|Any CPU.Build.0 = Release|Any CPU
		{8A2689EC-96FD-4A7D-A910-61081174A594}.Debug|Any CPU.ActiveCfg = Debug|Any CPU
		{8A2689EC-96FD-4A7D-A910-61081174A594}.Debug|Any CPU.Build.0 = Debug|Any CPU
		{8A2689EC-96FD-4A7D-A910-61081174A594}.Release|Any CPU.ActiveCfg = Release|Any CPU
		{8A2689EC-96FD-4A7D-A910-61081174A594}.Release|Any CPU.Build.0 = Release|Any CPU
		{CEBF984C-5D04-4B9F-9037-FAD73A8DB0E1}.Debug|Any CPU.ActiveCfg = Debug|Any CPU
		{CEBF984C-5D04-4B9F-9037-FAD73A8DB0E1}.Debug|Any CPU.Build.0 = Debug|Any CPU
		{CEBF984C-5D04-4B9F-9037-FAD73A8DB0E1}.Release|Any CPU.ActiveCfg = Release|Any CPU
		{CEBF984C-5D04-4B9F-9037-FAD73A8DB0E1}.Release|Any CPU.Build.0 = Release|Any CPU
		{471D797F-4454-4A39-824E-35F448C00522}.Debug|Any CPU.ActiveCfg = Debug|Any CPU
		{471D797F-4454-4A39-824E-35F448C00522}.Debug|Any CPU.Build.0 = Debug|Any CPU
		{471D797F-4454-4A39-824E-35F448C00522}.Release|Any CPU.ActiveCfg = Release|Any CPU
		{471D797F-4454-4A39-824E-35F448C00522}.Release|Any CPU.Build.0 = Release|Any CPU
		{0545BC88-A210-485D-94EC-38A29796D037}.Debug|Any CPU.ActiveCfg = Debug|Any CPU
		{0545BC88-A210-485D-94EC-38A29796D037}.Debug|Any CPU.Build.0 = Debug|Any CPU
		{0545BC88-A210-485D-94EC-38A29796D037}.Release|Any CPU.ActiveCfg = Release|Any CPU
		{0545BC88-A210-485D-94EC-38A29796D037}.Release|Any CPU.Build.0 = Release|Any CPU
	EndGlobalSection
	GlobalSection(SolutionProperties) = preSolution
		HideSolutionNode = FALSE
	EndGlobalSection
	GlobalSection(NestedProjects) = preSolution
		{772D1046-FB4C-4FDA-8586-185D353B418B} = {900B7B61-41A1-4393-BD71-50DBCF252292}
		{AE526AAF-CECB-4244-A202-1CE255DFCEF1} = {900B7B61-41A1-4393-BD71-50DBCF252292}
		{624AAC5A-A6AC-458C-9EFF-58D17BCAA456} = {900B7B61-41A1-4393-BD71-50DBCF252292}
		{8A2689EC-96FD-4A7D-A910-61081174A594} = {900B7B61-41A1-4393-BD71-50DBCF252292}
		{CEBF984C-5D04-4B9F-9037-FAD73A8DB0E1} = {900B7B61-41A1-4393-BD71-50DBCF252292}
		{471D797F-4454-4A39-824E-35F448C00522} = {900B7B61-41A1-4393-BD71-50DBCF252292}
		{0545BC88-A210-485D-94EC-38A29796D037} = {900B7B61-41A1-4393-BD71-50DBCF252292}
	EndGlobalSection
EndGlobal
